
Microsoft Visual Studio Solution File, Format Version 12.00
# Visual Studio 15
VisualStudioVersion = 15.0.28010.2041
MinimumVisualStudioVersion = 10.0.40219.1
Project("{FAE04EC0-301F-11D3-BF4B-00C04F79EFBC}") = "WordOpenXml_cs", "WordOpenXml_cs\WordOpenXml_cs.csproj", "{D36D8400-1631-402D-90BF-D6DD8545DDDC}"
EndProject
Project("{FAE04EC0-301F-11D3-BF4B-00C04F79EFBC}") = "GemBoxWordProcessing", "GemBoxWordProcessing\GemBoxWordProcessing.csproj", "{2B73F81E-2467-43A0-921A-455E2E145733}"
EndProject
Project("{FAE04EC0-301F-11D3-BF4B-00C04F79EFBC}") = "BaseLibrary", "BaseLibrary\BaseLibrary.csproj", "{4342BC27-5FAA-479B-9119-8FE4F79A2025}"
EndProject
Project("{2150E333-8FDC-42A3-9474-1A3956D46DE8}") = "Solution Items", "Solution Items", "{D1F23C56-FF98-4895-B47D-64FE3AA63774}"
	ProjectSection(SolutionItems) = preProject
		readme.md = readme.md
	EndProjectSection
EndProject
Global
	GlobalSection(SolutionConfigurationPlatforms) = preSolution
		Debug|Any CPU = Debug|Any CPU
		Release|Any CPU = Release|Any CPU
	EndGlobalSection
	GlobalSection(ProjectConfigurationPlatforms) = postSolution
		{D36D8400-1631-402D-90BF-D6DD8545DDDC}.Debug|Any CPU.ActiveCfg = Debug|Any CPU
		{D36D8400-1631-402D-90BF-D6DD8545DDDC}.Debug|Any CPU.Build.0 = Debug|Any CPU
		{D36D8400-1631-402D-90BF-D6DD8545DDDC}.Release|Any CPU.ActiveCfg = Release|Any CPU
		{D36D8400-1631-402D-90BF-D6DD8545DDDC}.Release|Any CPU.Build.0 = Release|Any CPU
		{2B73F81E-2467-43A0-921A-455E2E145733}.Debug|Any CPU.ActiveCfg = Debug|Any CPU
		{2B73F81E-2467-43A0-921A-455E2E145733}.Debug|Any CPU.Build.0 = Debug|Any CPU
		{2B73F81E-2467-43A0-921A-455E2E145733}.Release|Any CPU.ActiveCfg = Release|Any CPU
		{2B73F81E-2467-43A0-921A-455E2E145733}.Release|Any CPU.Build.0 = Release|Any CPU
		{4342BC27-5FAA-479B-9119-8FE4F79A2025}.Debug|Any CPU.ActiveCfg = Debug|Any CPU
		{4342BC27-5FAA-479B-9119-8FE4F79A2025}.Debug|Any CPU.Build.0 = Debug|Any CPU
		{4342BC27-5FAA-479B-9119-8FE4F79A2025}.Release|Any CPU.ActiveCfg = Release|Any CPU
		{4342BC27-5FAA-479B-9119-8FE4F79A2025}.Release|Any CPU.Build.0 = Release|Any CPU
	EndGlobalSection
	GlobalSection(SolutionProperties) = preSolution
		HideSolutionNode = FALSE
	EndGlobalSection
	GlobalSection(ExtensibilityGlobals) = postSolution
		SolutionGuid = {368117B5-E44C-4721-BD33-9DC71AC182A5}
	EndGlobalSection
EndGlobal
